
Microsoft Visual Studio Solution File, Format Version 11.00
# Visual Studio 2010
Project("{FAE04EC0-301F-11D3-BF4B-00C04F79EFBC}") = "Mogade.MonoTouch.Core", "Mogade.Core\Mogade.MonoTouch.Core.csproj", "{38E00AC6-03CC-4B7F-8217-2B0815A0C3F5}"
EndProject
Global
	GlobalSection(SolutionConfigurationPlatforms) = preSolution
		Debug|iPhoneSimulator = Debug|iPhoneSimulator
		Release|iPhoneSimulator = Release|iPhoneSimulator
		Debug|iPhone = Debug|iPhone
		Release|iPhone = Release|iPhone
	EndGlobalSection
	GlobalSection(ProjectConfigurationPlatforms) = postSolution
		{38E00AC6-03CC-4B7F-8217-2B0815A0C3F5}.Debug|iPhone.ActiveCfg = Debug|Any CPU
		{38E00AC6-03CC-4B7F-8217-2B0815A0C3F5}.Debug|iPhone.Build.0 = Debug|Any CPU
		{38E00AC6-03CC-4B7F-8217-2B0815A0C3F5}.Debug|iPhoneSimulator.ActiveCfg = Debug|Any CPU
		{38E00AC6-03CC-4B7F-8217-2B0815A0C3F5}.Debug|iPhoneSimulator.Build.0 = Debug|Any CPU
		{38E00AC6-03CC-4B7F-8217-2B0815A0C3F5}.Release|iPhone.ActiveCfg = Release|Any CPU
		{38E00AC6-03CC-4B7F-8217-2B0815A0C3F5}.Release|iPhone.Build.0 = Release|Any CPU
		{38E00AC6-03CC-4B7F-8217-2B0815A0C3F5}.Release|iPhoneSimulator.ActiveCfg = Release|Any CPU
		{38E00AC6-03CC-4B7F-8217-2B0815A0C3F5}.Release|iPhoneSimulator.Build.0 = Release|Any CPU
	EndGlobalSection
	GlobalSection(MonoDevelopProperties) = preSolution
		StartupItem = Mogade.Core\Mogade.MonoTouch.Core.csproj
	EndGlobalSection
EndGlobal
