
Microsoft Visual Studio Solution File, Format Version 11.00
# Visual Studio 2010
Project("{FAE04EC0-301F-11D3-BF4B-00C04F79EFBC}") = "Mogade", "Mogade.Core\Mogade.Core.csproj", "{B1BF8760-7C28-410E-813E-AC86514B2C8A}"
EndProject
Project("{FAE04EC0-301F-11D3-BF4B-00C04F79EFBC}") = "Mogade.Tests.Core", "Mogade.Tests.Core\Mogade.Tests.Core.csproj", "{C52F53E2-55D7-4627-967C-937700C4A20A}"
EndProject
Project("{2150E333-8FDC-42A3-9474-1A3956D46DE8}") = "stuff", "stuff", "{D4262614-6FF4-4ACC-A76E-565054DC4F88}"
	ProjectSection(SolutionItems) = preProject
		license.txt = license.txt
		README.textile = README.textile
	EndProjectSection
EndProject
Global
	GlobalSection(SolutionConfigurationPlatforms) = preSolution
		Debug|Any CPU = Debug|Any CPU
		Debug|Mixed Platforms = Debug|Mixed Platforms
		Debug|x86 = Debug|x86
		Release|Any CPU = Release|Any CPU
		Release|Mixed Platforms = Release|Mixed Platforms
		Release|x86 = Release|x86
	EndGlobalSection
	GlobalSection(ProjectConfigurationPlatforms) = postSolution
		{B1BF8760-7C28-410E-813E-AC86514B2C8A}.Debug|Any CPU.ActiveCfg = Debug|Any CPU
		{B1BF8760-7C28-410E-813E-AC86514B2C8A}.Debug|Any CPU.Build.0 = Debug|Any CPU
		{B1BF8760-7C28-410E-813E-AC86514B2C8A}.Debug|Mixed Platforms.ActiveCfg = Debug|Any CPU
		{B1BF8760-7C28-410E-813E-AC86514B2C8A}.Debug|Mixed Platforms.Build.0 = Debug|Any CPU
		{B1BF8760-7C28-410E-813E-AC86514B2C8A}.Debug|x86.ActiveCfg = Debug|Any CPU
		{B1BF8760-7C28-410E-813E-AC86514B2C8A}.Release|Any CPU.ActiveCfg = Release|Any CPU
		{B1BF8760-7C28-410E-813E-AC86514B2C8A}.Release|Any CPU.Build.0 = Release|Any CPU
		{B1BF8760-7C28-410E-813E-AC86514B2C8A}.Release|Mixed Platforms.ActiveCfg = Release|Any CPU
		{B1BF8760-7C28-410E-813E-AC86514B2C8A}.Release|Mixed Platforms.Build.0 = Release|Any CPU
		{B1BF8760-7C28-410E-813E-AC86514B2C8A}.Release|x86.ActiveCfg = Release|Any CPU
		{C52F53E2-55D7-4627-967C-937700C4A20A}.Debug|Any CPU.ActiveCfg = Debug|Any CPU
		{C52F53E2-55D7-4627-967C-937700C4A20A}.Debug|Any CPU.Build.0 = Debug|Any CPU
		{C52F53E2-55D7-4627-967C-937700C4A20A}.Debug|Mixed Platforms.ActiveCfg = Debug|Any CPU
		{C52F53E2-55D7-4627-967C-937700C4A20A}.Debug|Mixed Platforms.Build.0 = Debug|Any CPU
		{C52F53E2-55D7-4627-967C-937700C4A20A}.Debug|x86.ActiveCfg = Debug|Any CPU
		{C52F53E2-55D7-4627-967C-937700C4A20A}.Release|Any CPU.ActiveCfg = Release|Any CPU
		{C52F53E2-55D7-4627-967C-937700C4A20A}.Release|Any CPU.Build.0 = Release|Any CPU
		{C52F53E2-55D7-4627-967C-937700C4A20A}.Release|Mixed Platforms.ActiveCfg = Release|Any CPU
		{C52F53E2-55D7-4627-967C-937700C4A20A}.Release|Mixed Platforms.Build.0 = Release|Any CPU
		{C52F53E2-55D7-4627-967C-937700C4A20A}.Release|x86.ActiveCfg = Release|Any CPU
	EndGlobalSection
	GlobalSection(SolutionProperties) = preSolution
		HideSolutionNode = FALSE
	EndGlobalSection
EndGlobal
